
Microsoft Visual Studio Solution File, Format Version 12.00
# Visual Studio Version 16
VisualStudioVersion = 16.0.31424.327
MinimumVisualStudioVersion = 10.0.40219.1
Project("{FAE04EC0-301F-11D3-BF4B-00C04F79EFBC}") = "AccountingNote", "AccountingNote\AccountingNote.csproj", "{3A326C7A-A2E7-4974-83D0-4E1C9937E008}"
EndProject
Project("{FAE04EC0-301F-11D3-BF4B-00C04F79EFBC}") = "AccountingNote.DBSource", "AccountingNote.DBSource\AccountingNote.DBSource.csproj", "{590C5D25-ACF4-4A8A-A103-B75491003E90}"
EndProject
Global
	GlobalSection(SolutionConfigurationPlatforms) = preSolution
		Debug|Any CPU = Debug|Any CPU
		Release|Any CPU = Release|Any CPU
	EndGlobalSection
	GlobalSection(ProjectConfigurationPlatforms) = postSolution
		{3A326C7A-A2E7-4974-83D0-4E1C9937E008}.Debug|Any CPU.ActiveCfg = Debug|Any CPU
		{3A326C7A-A2E7-4974-83D0-4E1C9937E008}.Debug|Any CPU.Build.0 = Debug|Any CPU
		{3A326C7A-A2E7-4974-83D0-4E1C9937E008}.Release|Any CPU.ActiveCfg = Release|Any CPU
		{3A326C7A-A2E7-4974-83D0-4E1C9937E008}.Release|Any CPU.Build.0 = Release|Any CPU
		{590C5D25-ACF4-4A8A-A103-B75491003E90}.Debug|Any CPU.ActiveCfg = Debug|Any CPU
		{590C5D25-ACF4-4A8A-A103-B75491003E90}.Debug|Any CPU.Build.0 = Debug|Any CPU
		{590C5D25-ACF4-4A8A-A103-B75491003E90}.Release|Any CPU.ActiveCfg = Release|Any CPU
		{590C5D25-ACF4-4A8A-A103-B75491003E90}.Release|Any CPU.Build.0 = Release|Any CPU
	EndGlobalSection
	GlobalSection(SolutionProperties) = preSolution
		HideSolutionNode = FALSE
	EndGlobalSection
	GlobalSection(ExtensibilityGlobals) = postSolution
		SolutionGuid = {91C978CE-93BD-439E-9A0B-45E64E03246C}
	EndGlobalSection
EndGlobal
